
Microsoft Visual Studio Solution File, Format Version 12.00
# Visual Studio Version 16
VisualStudioVersion = 16.0.31727.386
MinimumVisualStudioVersion = 10.0.40219.1
Project("{9A19103F-16F7-4668-BE54-9A1E7A4F7556}") = "Store.Core", "Program\Store.Core.csproj", "{26D2F0C5-A3E8-462F-B614-4D8C6261ABE3}"
EndProject
Project("{9A19103F-16F7-4668-BE54-9A1E7A4F7556}") = "Store.Core.Test", "Store.Core.Test\Store.Core.Test.csproj", "{32600A68-A91A-4B69-A534-DDE3BDD46F5B}"
EndProject
Project("{9A19103F-16F7-4668-BE54-9A1E7A4F7556}") = "Store", "Store\Store.csproj", "{9F4BF505-4718-420C-8C57-951933EFAB82}"
	ProjectSection(ProjectDependencies) = postProject
		{32600A68-A91A-4B69-A534-DDE3BDD46F5B} = {32600A68-A91A-4B69-A534-DDE3BDD46F5B}
	EndProjectSection
EndProject
Project("{9A19103F-16F7-4668-BE54-9A1E7A4F7556}") = "Store.DataAccess", "Store.DataAccess\Store.DataAccess.csproj", "{63DCCD62-4E0B-43D8-996E-3C13CDAD6D2D}"
EndProject
Project("{FAE04EC0-301F-11D3-BF4B-00C04F79EFBC}") = "Store.DataAccess.Tests", "Store.DataAccess.Tests\Store.DataAccess.Tests.csproj", "{9F88B677-B96A-44D2-AC8B-7291021E429C}"
EndProject
Global
	GlobalSection(SolutionConfigurationPlatforms) = preSolution
		Debug|Any CPU = Debug|Any CPU
		Release|Any CPU = Release|Any CPU
	EndGlobalSection
	GlobalSection(ProjectConfigurationPlatforms) = postSolution
		{26D2F0C5-A3E8-462F-B614-4D8C6261ABE3}.Debug|Any CPU.ActiveCfg = Debug|Any CPU
		{26D2F0C5-A3E8-462F-B614-4D8C6261ABE3}.Debug|Any CPU.Build.0 = Debug|Any CPU
		{26D2F0C5-A3E8-462F-B614-4D8C6261ABE3}.Release|Any CPU.ActiveCfg = Release|Any CPU
		{26D2F0C5-A3E8-462F-B614-4D8C6261ABE3}.Release|Any CPU.Build.0 = Release|Any CPU
		{32600A68-A91A-4B69-A534-DDE3BDD46F5B}.Debug|Any CPU.ActiveCfg = Debug|Any CPU
		{32600A68-A91A-4B69-A534-DDE3BDD46F5B}.Debug|Any CPU.Build.0 = Debug|Any CPU
		{32600A68-A91A-4B69-A534-DDE3BDD46F5B}.Release|Any CPU.ActiveCfg = Release|Any CPU
		{32600A68-A91A-4B69-A534-DDE3BDD46F5B}.Release|Any CPU.Build.0 = Release|Any CPU
		{9F4BF505-4718-420C-8C57-951933EFAB82}.Debug|Any CPU.ActiveCfg = Debug|Any CPU
		{9F4BF505-4718-420C-8C57-951933EFAB82}.Debug|Any CPU.Build.0 = Debug|Any CPU
		{9F4BF505-4718-420C-8C57-951933EFAB82}.Release|Any CPU.ActiveCfg = Release|Any CPU
		{9F4BF505-4718-420C-8C57-951933EFAB82}.Release|Any CPU.Build.0 = Release|Any CPU
		{63DCCD62-4E0B-43D8-996E-3C13CDAD6D2D}.Debug|Any CPU.ActiveCfg = Debug|Any CPU
		{63DCCD62-4E0B-43D8-996E-3C13CDAD6D2D}.Debug|Any CPU.Build.0 = Debug|Any CPU
		{63DCCD62-4E0B-43D8-996E-3C13CDAD6D2D}.Release|Any CPU.ActiveCfg = Release|Any CPU
		{63DCCD62-4E0B-43D8-996E-3C13CDAD6D2D}.Release|Any CPU.Build.0 = Release|Any CPU
		{9F88B677-B96A-44D2-AC8B-7291021E429C}.Debug|Any CPU.ActiveCfg = Debug|Any CPU
		{9F88B677-B96A-44D2-AC8B-7291021E429C}.Debug|Any CPU.Build.0 = Debug|Any CPU
		{9F88B677-B96A-44D2-AC8B-7291021E429C}.Release|Any CPU.ActiveCfg = Release|Any CPU
		{9F88B677-B96A-44D2-AC8B-7291021E429C}.Release|Any CPU.Build.0 = Release|Any CPU
	EndGlobalSection
	GlobalSection(SolutionProperties) = preSolution
		HideSolutionNode = FALSE
	EndGlobalSection
	GlobalSection(ExtensibilityGlobals) = postSolution
		SolutionGuid = {799B80AC-EB66-4045-AAAA-36C62061AE9A}
	EndGlobalSection
EndGlobal
